// !$*UTF8*$!
{
	archiveVersion = 1;
	classes = {
	};
	objectVersion = 46;
	objects = {

/* Begin PBXBuildFile section */
		2B6C7C3F1909028400A3D498 /* Foundation.framework in Frameworks */ = {isa = PBXBuildFile; fileRef = 2B6C7C3E1909028400A3D498 /* Foundation.framework */; };
		2B6C7C441909028400A3D498 /* ASExtensions.h in CopyFiles */ = {isa = PBXBuildFile; fileRef = 2B6C7C431909028400A3D498 /* ASExtensions.h */; };
		2B6C7C661909032700A3D498 /* ASColor+Hex.m in Sources */ = {isa = PBXBuildFile; fileRef = 2B6C7C651909032700A3D498 /* ASColor+Hex.m */; };
		2B6C7C671909045200A3D498 /* ASColor+Hex.h in CopyFiles */ = {isa = PBXBuildFile; fileRef = 2B6C7C641909032700A3D498 /* ASColor+Hex.h */; };
		2BC45B7B190915E9002075C1 /* ASNavigationItem+Spacing.m in Sources */ = {isa = PBXBuildFile; fileRef = 2BC45B74190915E9002075C1 /* ASNavigationItem+Spacing.m */; };
		2BC45B7C190915E9002075C1 /* ASUIImage+Resize.m in Sources */ = {isa = PBXBuildFile; fileRef = 2BC45B76190915E9002075C1 /* ASUIImage+Resize.m */; };
		2BC45B7D190915E9002075C1 /* ASUIView+ModRect.m in Sources */ = {isa = PBXBuildFile; fileRef = 2BC45B78190915E9002075C1 /* ASUIView+ModRect.m */; };
		2BC45B7E190915E9002075C1 /* ASUIview+SubviewHunting.m in Sources */ = {isa = PBXBuildFile; fileRef = 2BC45B7A190915E9002075C1 /* ASUIview+SubviewHunting.m */; };
		2BC45B80190917AE002075C1 /* ASNavigationItem+Spacing.h in CopyFiles */ = {isa = PBXBuildFile; fileRef = 2BC45B73190915E9002075C1 /* ASNavigationItem+Spacing.h */; };
		2BC45B81190917AE002075C1 /* ASUIView+ModRect.h in CopyFiles */ = {isa = PBXBuildFile; fileRef = 2BC45B77190915E9002075C1 /* ASUIView+ModRect.h */; };
		2BC45B82190917AE002075C1 /* ASUIview+SubviewHunting.h in CopyFiles */ = {isa = PBXBuildFile; fileRef = 2BC45B79190915E9002075C1 /* ASUIview+SubviewHunting.h */; };
		2BC45B83190917AE002075C1 /* ASUIImage+Resize.h in CopyFiles */ = {isa = PBXBuildFile; fileRef = 2BC45B75190915E9002075C1 /* ASUIImage+Resize.h */; };
		2BC45B8C190922F3002075C1 /* dummy.m in Sources */ = {isa = PBXBuildFile; fileRef = 2BC45B8B190922F3002075C1 /* dummy.m */; };
/* End PBXBuildFile section */

/* Begin PBXCopyFilesBuildPhase section */
		2B6C7C391909028400A3D498 /* CopyFiles */ = {
			isa = PBXCopyFilesBuildPhase;
			buildActionMask = 2147483647;
			dstPath = "include/$(PRODUCT_NAME)";
			dstSubfolderSpec = 16;
			files = (
				2B6C7C441909028400A3D498 /* ASExtensions.h in CopyFiles */,
				2B6C7C671909045200A3D498 /* ASColor+Hex.h in CopyFiles */,
				2BC45B80190917AE002075C1 /* ASNavigationItem+Spacing.h in CopyFiles */,
				2BC45B81190917AE002075C1 /* ASUIView+ModRect.h in CopyFiles */,
				2BC45B82190917AE002075C1 /* ASUIview+SubviewHunting.h in CopyFiles */,
				2BC45B83190917AE002075C1 /* ASUIImage+Resize.h in CopyFiles */,
			);
			runOnlyForDeploymentPostprocessing = 0;
		};
/* End PBXCopyFilesBuildPhase section */

/* Begin PBXFileReference section */
		2B6C7C3B1909028400A3D498 /* libASExtensions.a */ = {isa = PBXFileReference; explicitFileType = archive.ar; includeInIndex = 0; path = libASExtensions.a; sourceTree = BUILT_PRODUCTS_DIR; };
		2B6C7C3E1909028400A3D498 /* Foundation.framework */ = {isa = PBXFileReference; lastKnownFileType = wrapper.framework; name = Foundation.framework; path = System/Library/Frameworks/Foundation.framework; sourceTree = SDKROOT; };
		2B6C7C421909028400A3D498 /* ASExtensions-Prefix.pch */ = {isa = PBXFileReference; lastKnownFileType = sourcecode.c.h; path = "ASExtensions-Prefix.pch"; sourceTree = "<group>"; };
		2B6C7C431909028400A3D498 /* ASExtensions.h */ = {isa = PBXFileReference; lastKnownFileType = sourcecode.c.h; path = ASExtensions.h; sourceTree = "<group>"; };
		2B6C7C641909032700A3D498 /* ASColor+Hex.h */ = {isa = PBXFileReference; fileEncoding = 4; lastKnownFileType = sourcecode.c.h; path = "ASColor+Hex.h"; sourceTree = "<group>"; };
		2B6C7C651909032700A3D498 /* ASColor+Hex.m */ = {isa = PBXFileReference; fileEncoding = 4; lastKnownFileType = sourcecode.c.objc; path = "ASColor+Hex.m"; sourceTree = "<group>"; };
		2BC45B73190915E9002075C1 /* ASNavigationItem+Spacing.h */ = {isa = PBXFileReference; fileEncoding = 4; lastKnownFileType = sourcecode.c.h; path = "ASNavigationItem+Spacing.h"; sourceTree = "<group>"; };
		2BC45B74190915E9002075C1 /* ASNavigationItem+Spacing.m */ = {isa = PBXFileReference; fileEncoding = 4; lastKnownFileType = sourcecode.c.objc; path = "ASNavigationItem+Spacing.m"; sourceTree = "<group>"; };
		2BC45B75190915E9002075C1 /* ASUIImage+Resize.h */ = {isa = PBXFileReference; fileEncoding = 4; lastKnownFileType = sourcecode.c.h; path = "ASUIImage+Resize.h"; sourceTree = "<group>"; };
		2BC45B76190915E9002075C1 /* ASUIImage+Resize.m */ = {isa = PBXFileReference; fileEncoding = 4; lastKnownFileType = sourcecode.c.objc; path = "ASUIImage+Resize.m"; sourceTree = "<group>"; };
		2BC45B77190915E9002075C1 /* ASUIView+ModRect.h */ = {isa = PBXFileReference; fileEncoding = 4; lastKnownFileType = sourcecode.c.h; path = "ASUIView+ModRect.h"; sourceTree = "<group>"; };
		2BC45B78190915E9002075C1 /* ASUIView+ModRect.m */ = {isa = PBXFileReference; fileEncoding = 4; lastKnownFileType = sourcecode.c.objc; path = "ASUIView+ModRect.m"; sourceTree = "<group>"; };
		2BC45B79190915E9002075C1 /* ASUIview+SubviewHunting.h */ = {isa = PBXFileReference; fileEncoding = 4; lastKnownFileType = sourcecode.c.h; path = "ASUIview+SubviewHunting.h"; sourceTree = "<group>"; };
		2BC45B7A190915E9002075C1 /* ASUIview+SubviewHunting.m */ = {isa = PBXFileReference; fileEncoding = 4; lastKnownFileType = sourcecode.c.objc; path = "ASUIview+SubviewHunting.m"; sourceTree = "<group>"; };
		2BC45B8B190922F3002075C1 /* dummy.m */ = {isa = PBXFileReference; fileEncoding = 4; lastKnownFileType = sourcecode.c.objc; path = dummy.m; sourceTree = "<group>"; };
/* End PBXFileReference section */

/* Begin PBXFrameworksBuildPhase section */
		2B6C7C381909028400A3D498 /* Frameworks */ = {
			isa = PBXFrameworksBuildPhase;
			buildActionMask = 2147483647;
			files = (
				2B6C7C3F1909028400A3D498 /* Foundation.framework in Frameworks */,
			);
			runOnlyForDeploymentPostprocessing = 0;
		};
/* End PBXFrameworksBuildPhase section */

/* Begin PBXGroup section */
		2B6C7C321909028400A3D498 = {
			isa = PBXGroup;
			children = (
				2B6C7C401909028400A3D498 /* ASExtensions */,
				2B6C7C3D1909028400A3D498 /* Frameworks */,
				2B6C7C3C1909028400A3D498 /* Products */,
			);
			sourceTree = "<group>";
		};
		2B6C7C3C1909028400A3D498 /* Products */ = {
			isa = PBXGroup;
			children = (
				2B6C7C3B1909028400A3D498 /* libASExtensions.a */,
			);
			name = Products;
			sourceTree = "<group>";
		};
		2B6C7C3D1909028400A3D498 /* Frameworks */ = {
			isa = PBXGroup;
			children = (
				2B6C7C3E1909028400A3D498 /* Foundation.framework */,
			);
			name = Frameworks;
			sourceTree = "<group>";
		};
		2B6C7C401909028400A3D498 /* ASExtensions */ = {
			isa = PBXGroup;
			children = (
				2B6C7C421909028400A3D498 /* ASExtensions-Prefix.pch */,
				2B6C7C431909028400A3D498 /* ASExtensions.h */,
				2BC45B7F190915F3002075C1 /* Categories */,
				2BC45B8B190922F3002075C1 /* dummy.m */,
			);
			path = ASExtensions;
			sourceTree = "<group>";
		};
		2BC45B7F190915F3002075C1 /* Categories */ = {
			isa = PBXGroup;
			children = (
				2B6C7C641909032700A3D498 /* ASColor+Hex.h */,
				2B6C7C651909032700A3D498 /* ASColor+Hex.m */,
				2BC45B73190915E9002075C1 /* ASNavigationItem+Spacing.h */,
				2BC45B74190915E9002075C1 /* ASNavigationItem+Spacing.m */,
				2BC45B77190915E9002075C1 /* ASUIView+ModRect.h */,
				2BC45B78190915E9002075C1 /* ASUIView+ModRect.m */,
				2BC45B79190915E9002075C1 /* ASUIview+SubviewHunting.h */,
				2BC45B7A190915E9002075C1 /* ASUIview+SubviewHunting.m */,
				2BC45B75190915E9002075C1 /* ASUIImage+Resize.h */,
				2BC45B76190915E9002075C1 /* ASUIImage+Resize.m */,
			);
			name = Categories;
			sourceTree = "<group>";
		};
/* End PBXGroup section */

/* Begin PBXNativeTarget section */
		2B6C7C3A1909028400A3D498 /* ASExtensions */ = {
			isa = PBXNativeTarget;
			buildConfigurationList = 2B6C7C5E1909028400A3D498 /* Build configuration list for PBXNativeTarget "ASExtensions" */;
			buildPhases = (
				2B6C7C371909028400A3D498 /* Sources */,
				2B6C7C381909028400A3D498 /* Frameworks */,
				2B6C7C391909028400A3D498 /* CopyFiles */,
			);
			buildRules = (
			);
			dependencies = (
			);
			name = ASExtensions;
			productName = ASExtensions;
			productReference = 2B6C7C3B1909028400A3D498 /* libASExtensions.a */;
			productType = "com.apple.product-type.library.static";
		};
/* End PBXNativeTarget section */

/* Begin PBXProject section */
		2B6C7C331909028400A3D498 /* Project object */ = {
			isa = PBXProject;
			attributes = {
				LastUpgradeCheck = 0510;
				ORGANIZATIONNAME = appstair;
			};
			buildConfigurationList = 2B6C7C361909028400A3D498 /* Build configuration list for PBXProject "ASExtensions" */;
			compatibilityVersion = "Xcode 3.2";
			developmentRegion = English;
			hasScannedForEncodings = 0;
			knownRegions = (
				en,
			);
			mainGroup = 2B6C7C321909028400A3D498;
			productRefGroup = 2B6C7C3C1909028400A3D498 /* Products */;
			projectDirPath = "";
			projectRoot = "";
			targets = (
				2B6C7C3A1909028400A3D498 /* ASExtensions */,
			);
		};
/* End PBXProject section */

/* Begin PBXSourcesBuildPhase section */
		2B6C7C371909028400A3D498 /* Sources */ = {
			isa = PBXSourcesBuildPhase;
			buildActionMask = 2147483647;
			files = (
				2BC45B8C190922F3002075C1 /* dummy.m in Sources */,
				2BC45B7B190915E9002075C1 /* ASNavigationItem+Spacing.m in Sources */,
				2B6C7C661909032700A3D498 /* ASColor+Hex.m in Sources */,
				2BC45B7C190915E9002075C1 /* ASUIImage+Resize.m in Sources */,
				2BC45B7E190915E9002075C1 /* ASUIview+SubviewHunting.m in Sources */,
				2BC45B7D190915E9002075C1 /* ASUIView+ModRect.m in Sources */,
			);
			runOnlyForDeploymentPostprocessing = 0;
		};
/* End PBXSourcesBuildPhase section */

/* Begin XCBuildConfiguration section */
		2B6C7C5C1909028400A3D498 /* Debug */ = {
			isa = XCBuildConfiguration;
			buildSettings = {
				ALWAYS_SEARCH_USER_PATHS = NO;
				CLANG_CXX_LANGUAGE_STANDARD = "gnu++0x";
				CLANG_CXX_LIBRARY = "libc++";
				CLANG_ENABLE_MODULES = YES;
				CLANG_ENABLE_OBJC_ARC = YES;
				CLANG_WARN_BOOL_CONVERSION = YES;
				CLANG_WARN_CONSTANT_CONVERSION = YES;
				CLANG_WARN_DIRECT_OBJC_ISA_USAGE = YES_ERROR;
				CLANG_WARN_EMPTY_BODY = YES;
				CLANG_WARN_ENUM_CONVERSION = YES;
				CLANG_WARN_INT_CONVERSION = YES;
				CLANG_WARN_OBJC_ROOT_CLASS = YES_ERROR;
				CLANG_WARN__DUPLICATE_METHOD_MATCH = YES;
				COPY_PHASE_STRIP = NO;
				GCC_C_LANGUAGE_STANDARD = gnu99;
				GCC_DYNAMIC_NO_PIC = NO;
				GCC_OPTIMIZATION_LEVEL = 0;
				GCC_PREPROCESSOR_DEFINITIONS = (
					"DEBUG=1",
					"$(inherited)",
				);
				GCC_SYMBOLS_PRIVATE_EXTERN = NO;
				GCC_WARN_64_TO_32_BIT_CONVERSION = YES;
				GCC_WARN_ABOUT_RETURN_TYPE = YES_ERROR;
				GCC_WARN_UNDECLARED_SELECTOR = YES;
				GCC_WARN_UNINITIALIZED_AUTOS = YES_AGGRESSIVE;
				GCC_WARN_UNUSED_FUNCTION = YES;
				GCC_WARN_UNUSED_VARIABLE = YES;
				IPHONEOS_DEPLOYMENT_TARGET = 7.0;
				ONLY_ACTIVE_ARCH = YES;
				OTHER_LDFLAGS = "";
				SDKROOT = iphoneos;
			};
			name = Debug;
		};
		2B6C7C5D1909028400A3D498 /* Release */ = {
			isa = XCBuildConfiguration;
			buildSettings = {
				ALWAYS_SEARCH_USER_PATHS = NO;
				CLANG_CXX_LANGUAGE_STANDARD = "gnu++0x";
				CLANG_CXX_LIBRARY = "libc++";
				CLANG_ENABLE_MODULES = YES;
				CLANG_ENABLE_OBJC_ARC = YES;
				CLANG_WARN_BOOL_CONVERSION = YES;
				CLANG_WARN_CONSTANT_CONVERSION = YES;
				CLANG_WARN_DIRECT_OBJC_ISA_USAGE = YES_ERROR;
				CLANG_WARN_EMPTY_BODY = YES;
				CLANG_WARN_ENUM_CONVERSION = YES;
				CLANG_WARN_INT_CONVERSION = YES;
				CLANG_WARN_OBJC_ROOT_CLASS = YES_ERROR;
				CLANG_WARN__DUPLICATE_METHOD_MATCH = YES;
				COPY_PHASE_STRIP = YES;
				ENABLE_NS_ASSERTIONS = NO;
				GCC_C_LANGUAGE_STANDARD = gnu99;
				GCC_WARN_64_TO_32_BIT_CONVERSION = YES;
				GCC_WARN_ABOUT_RETURN_TYPE = YES_ERROR;
				GCC_WARN_UNDECLARED_SELECTOR = YES;
				GCC_WARN_UNINITIALIZED_AUTOS = YES_AGGRESSIVE;
				GCC_WARN_UNUSED_FUNCTION = YES;
				GCC_WARN_UNUSED_VARIABLE = YES;
				IPHONEOS_DEPLOYMENT_TARGET = 7.0;
				OTHER_LDFLAGS = "";
				SDKROOT = iphoneos;
				VALIDATE_PRODUCT = YES;
			};
			name = Release;
		};
		2B6C7C5F1909028400A3D498 /* Debug */ = {
			isa = XCBuildConfiguration;
			buildSettings = {
				DSTROOT = /tmp/ASExtensions.dst;
				GCC_PRECOMPILE_PREFIX_HEADER = YES;
				GCC_PREFIX_HEADER = "ASExtensions/ASExtensions-Prefix.pch";
				OTHER_LDFLAGS = "-ObjC";
				PRODUCT_NAME = "$(TARGET_NAME)";
				SKIP_INSTALL = YES;
			};
			name = Debug;
		};
		2B6C7C601909028400A3D498 /* Release */ = {
			isa = XCBuildConfiguration;
			buildSettings = {
				DSTROOT = /tmp/ASExtensions.dst;
				GCC_PRECOMPILE_PREFIX_HEADER = YES;
				GCC_PREFIX_HEADER = "ASExtensions/ASExtensions-Prefix.pch";
				OTHER_LDFLAGS = "-ObjC";
				PRODUCT_NAME = "$(TARGET_NAME)";
				SKIP_INSTALL = YES;
			};
			name = Release;
		};
/* End XCBuildConfiguration section */

/* Begin XCConfigurationList section */
		2B6C7C361909028400A3D498 /* Build configuration list for PBXProject "ASExtensions" */ = {
			isa = XCConfigurationList;
			buildConfigurations = (
				2B6C7C5C1909028400A3D498 /* Debug */,
				2B6C7C5D1909028400A3D498 /* Release */,
			);
			defaultConfigurationIsVisible = 0;
			defaultConfigurationName = Release;
		};
		2B6C7C5E1909028400A3D498 /* Build configuration list for PBXNativeTarget "ASExtensions" */ = {
			isa = XCConfigurationList;
			buildConfigurations = (
				2B6C7C5F1909028400A3D498 /* Debug */,
				2B6C7C601909028400A3D498 /* Release */,
			);
			defaultConfigurationIsVisible = 0;
			defaultConfigurationName = Release;
		};
/* End XCConfigurationList section */
	};
	rootObject = 2B6C7C331909028400A3D498 /* Project object */;
}
